
Microsoft Visual Studio Solution File, Format Version 12.00
# Visual Studio Version 17
VisualStudioVersion = 17.14.36429.23 d17.14
MinimumVisualStudioVersion = 10.0.40219.1
Project("{FAE04EC0-301F-11D3-BF4B-00C04F79EFBC}") = "EditorHTML", "EditorHTML\EditorHTML.csproj", "{D2250499-CDB5-4413-9010-EDCA77E7EE75}"
EndProject
Global
	GlobalSection(SolutionConfigurationPlatforms) = preSolution
		Debug|Any CPU = Debug|Any CPU
		Release|Any CPU = Release|Any CPU
	EndGlobalSection
	GlobalSection(ProjectConfigurationPlatforms) = postSolution
		{D2250499-CDB5-4413-9010-EDCA77E7EE75}.Debug|Any CPU.ActiveCfg = Debug|Any CPU
		{D2250499-CDB5-4413-9010-EDCA77E7EE75}.Debug|Any CPU.Build.0 = Debug|Any CPU
		{D2250499-CDB5-4413-9010-EDCA77E7EE75}.Release|Any CPU.ActiveCfg = Release|Any CPU
		{D2250499-CDB5-4413-9010-EDCA77E7EE75}.Release|Any CPU.Build.0 = Release|Any CPU
	EndGlobalSection
	GlobalSection(SolutionProperties) = preSolution
		HideSolutionNode = FALSE
	EndGlobalSection
	GlobalSection(ExtensibilityGlobals) = postSolution
		SolutionGuid = {513AD8E7-751C-4009-B147-9CC6A003BBF9}
	EndGlobalSection
EndGlobal
